// !$*UTF8*$!
{
	archiveVersion = 1;
	classes = {
	};
	objectVersion = 56;
	objects = {

/* Begin PBXBuildFile section */
		BCD7D17C8936152C7A96D3C2 /* Pods_SimpleReminder.framework in Frameworks */ = {isa = PBXBuildFile; fileRef = 3655E1AEE5741E36397668C9 /* Pods_SimpleReminder.framework */; };
		FB48767E29D97FA10092E06E /* RemindDetailVC.swift in Sources */ = {isa = PBXBuildFile; fileRef = FB48767D29D97FA10092E06E /* RemindDetailVC.swift */; };
		FB48768029D97FC40092E06E /* RemindDetailVCView.swift in Sources */ = {isa = PBXBuildFile; fileRef = FB48767F29D97FC40092E06E /* RemindDetailVCView.swift */; };
		FB48A25A29EB13E5002C9C0F /* BirthDayDetailVC.swift in Sources */ = {isa = PBXBuildFile; fileRef = FB48A25929EB13E5002C9C0F /* BirthDayDetailVC.swift */; };
		FB48A25C29EB1418002C9C0F /* BirthdayDetailVCView.swift in Sources */ = {isa = PBXBuildFile; fileRef = FB48A25B29EB1418002C9C0F /* BirthdayDetailVCView.swift */; };
		FB63E6DA29EC56D800795AD4 /* ReminderService.swift in Sources */ = {isa = PBXBuildFile; fileRef = FB63E6D929EC56D800795AD4 /* ReminderService.swift */; };
		FB7A170429E5E24A009C10B7 /* GoogleService-Info.plist in Resources */ = {isa = PBXBuildFile; fileRef = FB7A170329E5E24A009C10B7 /* GoogleService-Info.plist */; };
		FB7A170729E5E3B4009C10B7 /* FirebaseFirestore in Frameworks */ = {isa = PBXBuildFile; productRef = FB7A170629E5E3B4009C10B7 /* FirebaseFirestore */; };
		FB7A170929E5E3B4009C10B7 /* FirebaseStorage in Frameworks */ = {isa = PBXBuildFile; productRef = FB7A170829E5E3B4009C10B7 /* FirebaseStorage */; };
		FB7A170B29E5E622009C10B7 /* FirestoreService.swift in Sources */ = {isa = PBXBuildFile; fileRef = FB7A170A29E5E622009C10B7 /* FirestoreService.swift */; };
		FB7A170D29E5ECB5009C10B7 /* Person.swift in Sources */ = {isa = PBXBuildFile; fileRef = FB7A170C29E5ECB5009C10B7 /* Person.swift */; };
		FBA271C229E898CA009A0370 /* CreatePersonVC.swift in Sources */ = {isa = PBXBuildFile; fileRef = FBA271C129E898CA009A0370 /* CreatePersonVC.swift */; };
		FBA271C429E898DF009A0370 /* CreatePersonVCView.swift in Sources */ = {isa = PBXBuildFile; fileRef = FBA271C329E898DF009A0370 /* CreatePersonVCView.swift */; };
		FBA5277B29E329D200F050CE /* MainTabBarVC.swift in Sources */ = {isa = PBXBuildFile; fileRef = FBA5277A29E329D200F050CE /* MainTabBarVC.swift */; };
		FBA5277D29E32C5D00F050CE /* BirthDayVC.swift in Sources */ = {isa = PBXBuildFile; fileRef = FBA5277C29E32C5D00F050CE /* BirthDayVC.swift */; };
		FBA5277F29E32C6E00F050CE /* BirthDayVCView.swift in Sources */ = {isa = PBXBuildFile; fileRef = FBA5277E29E32C6E00F050CE /* BirthDayVCView.swift */; };
		FBA5278129E32E9D00F050CE /* BirthdayCell.swift in Sources */ = {isa = PBXBuildFile; fileRef = FBA5278029E32E9D00F050CE /* BirthdayCell.swift */; };
		FBD48AF529CEF3AB00F03900 /* AppDelegate.swift in Sources */ = {isa = PBXBuildFile; fileRef = FBD48AF429CEF3AB00F03900 /* AppDelegate.swift */; };
		FBD48AF729CEF3AB00F03900 /* SceneDelegate.swift in Sources */ = {isa = PBXBuildFile; fileRef = FBD48AF629CEF3AB00F03900 /* SceneDelegate.swift */; };
		FBD48AFF29CEF3AB00F03900 /* SimpleReminder.xcdatamodeld in Sources */ = {isa = PBXBuildFile; fileRef = FBD48AFD29CEF3AB00F03900 /* SimpleReminder.xcdatamodeld */; };
		FBD48B0129CEF3AD00F03900 /* Assets.xcassets in Resources */ = {isa = PBXBuildFile; fileRef = FBD48B0029CEF3AD00F03900 /* Assets.xcassets */; };
		FBD48B0429CEF3AD00F03900 /* LaunchScreen.storyboard in Resources */ = {isa = PBXBuildFile; fileRef = FBD48B0229CEF3AD00F03900 /* LaunchScreen.storyboard */; };
		FBD48B1329CEF3CA00F03900 /* TextFieldExtension.swift in Sources */ = {isa = PBXBuildFile; fileRef = FBD48B0B29CEF3CA00F03900 /* TextFieldExtension.swift */; };
		FBD48B1429CEF3CA00F03900 /* ViewSettings.swift in Sources */ = {isa = PBXBuildFile; fileRef = FBD48B0C29CEF3CA00F03900 /* ViewSettings.swift */; };
		FBD48B1529CEF3CA00F03900 /* Helper.swift in Sources */ = {isa = PBXBuildFile; fileRef = FBD48B0D29CEF3CA00F03900 /* Helper.swift */; };
		FBD48B1629CEF3CA00F03900 /* ODColors.swift in Sources */ = {isa = PBXBuildFile; fileRef = FBD48B0E29CEF3CA00F03900 /* ODColors.swift */; };
		FBD48B1729CEF3CA00F03900 /* ButtonExtension.swift in Sources */ = {isa = PBXBuildFile; fileRef = FBD48B0F29CEF3CA00F03900 /* ButtonExtension.swift */; };
		FBD48B1829CEF3CA00F03900 /* ODFonts.swift in Sources */ = {isa = PBXBuildFile; fileRef = FBD48B1029CEF3CA00F03900 /* ODFonts.swift */; };
		FBD48B1929CEF3CA00F03900 /* LabelExtension.swift in Sources */ = {isa = PBXBuildFile; fileRef = FBD48B1129CEF3CA00F03900 /* LabelExtension.swift */; };
		FBD48B1A29CEF3CA00F03900 /* StackViewExtension.swift in Sources */ = {isa = PBXBuildFile; fileRef = FBD48B1229CEF3CA00F03900 /* StackViewExtension.swift */; };
		FBD48B1F29CEF41700F03900 /* MainVC.swift in Sources */ = {isa = PBXBuildFile; fileRef = FBD48B1E29CEF41700F03900 /* MainVC.swift */; };
		FBD48B2129CEF43C00F03900 /* MainVCView.swift in Sources */ = {isa = PBXBuildFile; fileRef = FBD48B2029CEF43C00F03900 /* MainVCView.swift */; };
		FBD48B2329CF520100F03900 /* MyCell.swift in Sources */ = {isa = PBXBuildFile; fileRef = FBD48B2229CF520100F03900 /* MyCell.swift */; };
		FBD48B2529CF5E2000F03900 /* Remind.swift in Sources */ = {isa = PBXBuildFile; fileRef = FBD48B2429CF5E2000F03900 /* Remind.swift */; };
		FBF1E78329E474FF009B78AC /* FetchDatService.swift in Sources */ = {isa = PBXBuildFile; fileRef = FBF1E78229E474FF009B78AC /* FetchDatService.swift */; };
/* End PBXBuildFile section */

/* Begin PBXFileReference section */
		3655E1AEE5741E36397668C9 /* Pods_SimpleReminder.framework */ = {isa = PBXFileReference; explicitFileType = wrapper.framework; includeInIndex = 0; path = Pods_SimpleReminder.framework; sourceTree = BUILT_PRODUCTS_DIR; };
		C3F7B722A4287F594BB55665 /* Pods-SimpleReminder.debug.xcconfig */ = {isa = PBXFileReference; includeInIndex = 1; lastKnownFileType = text.xcconfig; name = "Pods-SimpleReminder.debug.xcconfig"; path = "Target Support Files/Pods-SimpleReminder/Pods-SimpleReminder.debug.xcconfig"; sourceTree = "<group>"; };
		D05A3BCF08CD0F9B0FC30A4F /* Pods-SimpleReminder.release.xcconfig */ = {isa = PBXFileReference; includeInIndex = 1; lastKnownFileType = text.xcconfig; name = "Pods-SimpleReminder.release.xcconfig"; path = "Target Support Files/Pods-SimpleReminder/Pods-SimpleReminder.release.xcconfig"; sourceTree = "<group>"; };
		FB48767D29D97FA10092E06E /* RemindDetailVC.swift */ = {isa = PBXFileReference; lastKnownFileType = sourcecode.swift; path = RemindDetailVC.swift; sourceTree = "<group>"; };
		FB48767F29D97FC40092E06E /* RemindDetailVCView.swift */ = {isa = PBXFileReference; lastKnownFileType = sourcecode.swift; path = RemindDetailVCView.swift; sourceTree = "<group>"; };
		FB48A25929EB13E5002C9C0F /* BirthDayDetailVC.swift */ = {isa = PBXFileReference; lastKnownFileType = sourcecode.swift; path = BirthDayDetailVC.swift; sourceTree = "<group>"; };
		FB48A25B29EB1418002C9C0F /* BirthdayDetailVCView.swift */ = {isa = PBXFileReference; lastKnownFileType = sourcecode.swift; path = BirthdayDetailVCView.swift; sourceTree = "<group>"; };
		FB63E6D929EC56D800795AD4 /* ReminderService.swift */ = {isa = PBXFileReference; lastKnownFileType = sourcecode.swift; path = ReminderService.swift; sourceTree = "<group>"; };
		FB7A170329E5E24A009C10B7 /* GoogleService-Info.plist */ = {isa = PBXFileReference; fileEncoding = 4; lastKnownFileType = text.plist.xml; path = "GoogleService-Info.plist"; sourceTree = "<group>"; };
		FB7A170A29E5E622009C10B7 /* FirestoreService.swift */ = {isa = PBXFileReference; lastKnownFileType = sourcecode.swift; path = FirestoreService.swift; sourceTree = "<group>"; };
		FB7A170C29E5ECB5009C10B7 /* Person.swift */ = {isa = PBXFileReference; lastKnownFileType = sourcecode.swift; path = Person.swift; sourceTree = "<group>"; };
		FBA271C129E898CA009A0370 /* CreatePersonVC.swift */ = {isa = PBXFileReference; lastKnownFileType = sourcecode.swift; path = CreatePersonVC.swift; sourceTree = "<group>"; };
		FBA271C329E898DF009A0370 /* CreatePersonVCView.swift */ = {isa = PBXFileReference; lastKnownFileType = sourcecode.swift; path = CreatePersonVCView.swift; sourceTree = "<group>"; };
		FBA5277A29E329D200F050CE /* MainTabBarVC.swift */ = {isa = PBXFileReference; lastKnownFileType = sourcecode.swift; path = MainTabBarVC.swift; sourceTree = "<group>"; };
		FBA5277C29E32C5D00F050CE /* BirthDayVC.swift */ = {isa = PBXFileReference; lastKnownFileType = sourcecode.swift; path = BirthDayVC.swift; sourceTree = "<group>"; };
		FBA5277E29E32C6E00F050CE /* BirthDayVCView.swift */ = {isa = PBXFileReference; lastKnownFileType = sourcecode.swift; path = BirthDayVCView.swift; sourceTree = "<group>"; };
		FBA5278029E32E9D00F050CE /* BirthdayCell.swift */ = {isa = PBXFileReference; lastKnownFileType = sourcecode.swift; path = BirthdayCell.swift; sourceTree = "<group>"; };
		FBD48AF129CEF3AB00F03900 /* SimpleReminder.app */ = {isa = PBXFileReference; explicitFileType = wrapper.application; includeInIndex = 0; path = SimpleReminder.app; sourceTree = BUILT_PRODUCTS_DIR; };
		FBD48AF429CEF3AB00F03900 /* AppDelegate.swift */ = {isa = PBXFileReference; lastKnownFileType = sourcecode.swift; path = AppDelegate.swift; sourceTree = "<group>"; };
		FBD48AF629CEF3AB00F03900 /* SceneDelegate.swift */ = {isa = PBXFileReference; lastKnownFileType = sourcecode.swift; path = SceneDelegate.swift; sourceTree = "<group>"; };
		FBD48AFE29CEF3AB00F03900 /* SimpleReminder.xcdatamodel */ = {isa = PBXFileReference; lastKnownFileType = wrapper.xcdatamodel; path = SimpleReminder.xcdatamodel; sourceTree = "<group>"; };
		FBD48B0029CEF3AD00F03900 /* Assets.xcassets */ = {isa = PBXFileReference; lastKnownFileType = folder.assetcatalog; path = Assets.xcassets; sourceTree = "<group>"; };
		FBD48B0329CEF3AD00F03900 /* Base */ = {isa = PBXFileReference; lastKnownFileType = file.storyboard; name = Base; path = Base.lproj/LaunchScreen.storyboard; sourceTree = "<group>"; };
		FBD48B0529CEF3AD00F03900 /* Info.plist */ = {isa = PBXFileReference; lastKnownFileType = text.plist.xml; path = Info.plist; sourceTree = "<group>"; };
		FBD48B0B29CEF3CA00F03900 /* TextFieldExtension.swift */ = {isa = PBXFileReference; fileEncoding = 4; lastKnownFileType = sourcecode.swift; path = TextFieldExtension.swift; sourceTree = "<group>"; };
		FBD48B0C29CEF3CA00F03900 /* ViewSettings.swift */ = {isa = PBXFileReference; fileEncoding = 4; lastKnownFileType = sourcecode.swift; path = ViewSettings.swift; sourceTree = "<group>"; };
		FBD48B0D29CEF3CA00F03900 /* Helper.swift */ = {isa = PBXFileReference; fileEncoding = 4; lastKnownFileType = sourcecode.swift; path = Helper.swift; sourceTree = "<group>"; };
		FBD48B0E29CEF3CA00F03900 /* ODColors.swift */ = {isa = PBXFileReference; fileEncoding = 4; lastKnownFileType = sourcecode.swift; path = ODColors.swift; sourceTree = "<group>"; };
		FBD48B0F29CEF3CA00F03900 /* ButtonExtension.swift */ = {isa = PBXFileReference; fileEncoding = 4; lastKnownFileType = sourcecode.swift; path = ButtonExtension.swift; sourceTree = "<group>"; };
		FBD48B1029CEF3CA00F03900 /* ODFonts.swift */ = {isa = PBXFileReference; fileEncoding = 4; lastKnownFileType = sourcecode.swift; path = ODFonts.swift; sourceTree = "<group>"; };
		FBD48B1129CEF3CA00F03900 /* LabelExtension.swift */ = {isa = PBXFileReference; fileEncoding = 4; lastKnownFileType = sourcecode.swift; path = LabelExtension.swift; sourceTree = "<group>"; };
		FBD48B1229CEF3CA00F03900 /* StackViewExtension.swift */ = {isa = PBXFileReference; fileEncoding = 4; lastKnownFileType = sourcecode.swift; path = StackViewExtension.swift; sourceTree = "<group>"; };
		FBD48B1E29CEF41700F03900 /* MainVC.swift */ = {isa = PBXFileReference; lastKnownFileType = sourcecode.swift; path = MainVC.swift; sourceTree = "<group>"; };
		FBD48B2029CEF43C00F03900 /* MainVCView.swift */ = {isa = PBXFileReference; lastKnownFileType = sourcecode.swift; path = MainVCView.swift; sourceTree = "<group>"; };
		FBD48B2229CF520100F03900 /* MyCell.swift */ = {isa = PBXFileReference; lastKnownFileType = sourcecode.swift; path = MyCell.swift; sourceTree = "<group>"; };
		FBD48B2429CF5E2000F03900 /* Remind.swift */ = {isa = PBXFileReference; lastKnownFileType = sourcecode.swift; path = Remind.swift; sourceTree = "<group>"; };
		FBF1E78229E474FF009B78AC /* FetchDatService.swift */ = {isa = PBXFileReference; lastKnownFileType = sourcecode.swift; path = FetchDatService.swift; sourceTree = "<group>"; };
/* End PBXFileReference section */

/* Begin PBXFrameworksBuildPhase section */
		FBD48AEE29CEF3AB00F03900 /* Frameworks */ = {
			isa = PBXFrameworksBuildPhase;
			buildActionMask = 2147483647;
			files = (
				BCD7D17C8936152C7A96D3C2 /* Pods_SimpleReminder.framework in Frameworks */,
				FB7A170729E5E3B4009C10B7 /* FirebaseFirestore in Frameworks */,
				FB7A170929E5E3B4009C10B7 /* FirebaseStorage in Frameworks */,
			);
			runOnlyForDeploymentPostprocessing = 0;
		};
/* End PBXFrameworksBuildPhase section */

/* Begin PBXGroup section */
		8EACEF0193C2AD555E7C06F6 /* Frameworks */ = {
			isa = PBXGroup;
			children = (
				3655E1AEE5741E36397668C9 /* Pods_SimpleReminder.framework */,
			);
			name = Frameworks;
			sourceTree = "<group>";
		};
		9ABCE64DAADC5B3D21CC2CFB /* Pods */ = {
			isa = PBXGroup;
			children = (
				C3F7B722A4287F594BB55665 /* Pods-SimpleReminder.debug.xcconfig */,
				D05A3BCF08CD0F9B0FC30A4F /* Pods-SimpleReminder.release.xcconfig */,
			);
			path = Pods;
			sourceTree = "<group>";
		};
		FB48A25D29EB141D002C9C0F /* BirthDayDetailVC */ = {
			isa = PBXGroup;
			children = (
				FB48A25929EB13E5002C9C0F /* BirthDayDetailVC.swift */,
				FB48A25B29EB1418002C9C0F /* BirthdayDetailVCView.swift */,
			);
			path = BirthDayDetailVC;
			sourceTree = "<group>";
		};
		FBA271C529E898E5009A0370 /* CreatePersonVC */ = {
			isa = PBXGroup;
			children = (
				FBA271C129E898CA009A0370 /* CreatePersonVC.swift */,
				FBA271C329E898DF009A0370 /* CreatePersonVCView.swift */,
			);
			path = CreatePersonVC;
			sourceTree = "<group>";
		};
		FBA5278229E32FF100F050CE /* MainVC */ = {
			isa = PBXGroup;
			children = (
				FBD48B1E29CEF41700F03900 /* MainVC.swift */,
				FBD48B2029CEF43C00F03900 /* MainVCView.swift */,
				FBD48B2229CF520100F03900 /* MyCell.swift */,
			);
			path = MainVC;
			sourceTree = "<group>";
		};
		FBA5278329E32FF800F050CE /* RemindDetailVC */ = {
			isa = PBXGroup;
			children = (
				FB48767D29D97FA10092E06E /* RemindDetailVC.swift */,
				FB48767F29D97FC40092E06E /* RemindDetailVCView.swift */,
			);
			path = RemindDetailVC;
			sourceTree = "<group>";
		};
		FBA5278429E3300600F050CE /* BirthdayVC */ = {
			isa = PBXGroup;
			children = (
				FBA5277C29E32C5D00F050CE /* BirthDayVC.swift */,
				FBA5277E29E32C6E00F050CE /* BirthDayVCView.swift */,
				FBA5278029E32E9D00F050CE /* BirthdayCell.swift */,
			);
			path = BirthdayVC;
			sourceTree = "<group>";
		};
		FBD48AE829CEF3AB00F03900 = {
			isa = PBXGroup;
			children = (
				FBD48AF329CEF3AB00F03900 /* SimpleReminder */,
				FBD48AF229CEF3AB00F03900 /* Products */,
				9ABCE64DAADC5B3D21CC2CFB /* Pods */,
				8EACEF0193C2AD555E7C06F6 /* Frameworks */,
			);
			sourceTree = "<group>";
		};
		FBD48AF229CEF3AB00F03900 /* Products */ = {
			isa = PBXGroup;
			children = (
				FBD48AF129CEF3AB00F03900 /* SimpleReminder.app */,
			);
			name = Products;
			sourceTree = "<group>";
		};
		FBD48AF329CEF3AB00F03900 /* SimpleReminder */ = {
			isa = PBXGroup;
			children = (
				FBF1E78429E47503009B78AC /* Services */,
				FBD48B2629CF5E2400F03900 /* Model */,
				FBD48B1B29CEF3D200F03900 /* EasyWay */,
				FBD48B1C29CEF3DB00F03900 /* Scene */,
				FBD48B1D29CEF3E100F03900 /* VC */,
				FBD48B0029CEF3AD00F03900 /* Assets.xcassets */,
				FBD48B0229CEF3AD00F03900 /* LaunchScreen.storyboard */,
				FB7A170329E5E24A009C10B7 /* GoogleService-Info.plist */,
				FBD48B0529CEF3AD00F03900 /* Info.plist */,
				FBD48AFD29CEF3AB00F03900 /* SimpleReminder.xcdatamodeld */,
			);
			path = SimpleReminder;
			sourceTree = "<group>";
		};
		FBD48B1B29CEF3D200F03900 /* EasyWay */ = {
			isa = PBXGroup;
			children = (
				FBD48B0F29CEF3CA00F03900 /* ButtonExtension.swift */,
				FBD48B0D29CEF3CA00F03900 /* Helper.swift */,
				FBD48B1129CEF3CA00F03900 /* LabelExtension.swift */,
				FBD48B0E29CEF3CA00F03900 /* ODColors.swift */,
				FBD48B1029CEF3CA00F03900 /* ODFonts.swift */,
				FBD48B1229CEF3CA00F03900 /* StackViewExtension.swift */,
				FBD48B0B29CEF3CA00F03900 /* TextFieldExtension.swift */,
				FBD48B0C29CEF3CA00F03900 /* ViewSettings.swift */,
			);
			path = EasyWay;
			sourceTree = "<group>";
		};
		FBD48B1C29CEF3DB00F03900 /* Scene */ = {
			isa = PBXGroup;
			children = (
				FBD48AF429CEF3AB00F03900 /* AppDelegate.swift */,
				FBD48AF629CEF3AB00F03900 /* SceneDelegate.swift */,
			);
			path = Scene;
			sourceTree = "<group>";
		};
		FBD48B1D29CEF3E100F03900 /* VC */ = {
			isa = PBXGroup;
			children = (
				FBA5277A29E329D200F050CE /* MainTabBarVC.swift */,
				FBA5278229E32FF100F050CE /* MainVC */,
				FBA5278329E32FF800F050CE /* RemindDetailVC */,
				FBA5278429E3300600F050CE /* BirthdayVC */,
				FB48A25D29EB141D002C9C0F /* BirthDayDetailVC */,
				FBA271C529E898E5009A0370 /* CreatePersonVC */,
			);
			path = VC;
			sourceTree = "<group>";
		};
		FBD48B2629CF5E2400F03900 /* Model */ = {
			isa = PBXGroup;
			children = (
				FBD48B2429CF5E2000F03900 /* Remind.swift */,
				FB7A170C29E5ECB5009C10B7 /* Person.swift */,
			);
			path = Model;
			sourceTree = "<group>";
		};
		FBF1E78429E47503009B78AC /* Services */ = {
			isa = PBXGroup;
			children = (
				FBF1E78229E474FF009B78AC /* FetchDatService.swift */,
				FB7A170A29E5E622009C10B7 /* FirestoreService.swift */,
				FB63E6D929EC56D800795AD4 /* ReminderService.swift */,
			);
			path = Services;
			sourceTree = "<group>";
		};
/* End PBXGroup section */

/* Begin PBXNativeTarget section */
		FBD48AF029CEF3AB00F03900 /* SimpleReminder */ = {
			isa = PBXNativeTarget;
			buildConfigurationList = FBD48B0829CEF3AD00F03900 /* Build configuration list for PBXNativeTarget "SimpleReminder" */;
			buildPhases = (
				092EC4A253C4DCF3FF13EF85 /* [CP] Check Pods Manifest.lock */,
				FBD48AED29CEF3AB00F03900 /* Sources */,
				FBD48AEE29CEF3AB00F03900 /* Frameworks */,
				FBD48AEF29CEF3AB00F03900 /* Resources */,
				53DD2111EB35B2369A54EDF8 /* [CP] Embed Pods Frameworks */,
			);
			buildRules = (
			);
			dependencies = (
			);
			name = SimpleReminder;
			packageProductDependencies = (
				FB7A170629E5E3B4009C10B7 /* FirebaseFirestore */,
				FB7A170829E5E3B4009C10B7 /* FirebaseStorage */,
			);
			productName = SimpleReminder;
			productReference = FBD48AF129CEF3AB00F03900 /* SimpleReminder.app */;
			productType = "com.apple.product-type.application";
		};
/* End PBXNativeTarget section */

/* Begin PBXProject section */
		FBD48AE929CEF3AB00F03900 /* Project object */ = {
			isa = PBXProject;
			attributes = {
				BuildIndependentTargetsInParallel = 1;
				LastSwiftUpdateCheck = 1420;
				LastUpgradeCheck = 1420;
				TargetAttributes = {
					FBD48AF029CEF3AB00F03900 = {
						CreatedOnToolsVersion = 14.2;
					};
				};
			};
			buildConfigurationList = FBD48AEC29CEF3AB00F03900 /* Build configuration list for PBXProject "SimpleReminder" */;
			compatibilityVersion = "Xcode 14.0";
			developmentRegion = en;
			hasScannedForEncodings = 0;
			knownRegions = (
				en,
				Base,
			);
			mainGroup = FBD48AE829CEF3AB00F03900;
			packageReferences = (
				FB7A170529E5E3B4009C10B7 /* XCRemoteSwiftPackageReference "firebase-ios-sdk" */,
			);
			productRefGroup = FBD48AF229CEF3AB00F03900 /* Products */;
			projectDirPath = "";
			projectRoot = "";
			targets = (
				FBD48AF029CEF3AB00F03900 /* SimpleReminder */,
			);
		};
/* End PBXProject section */

/* Begin PBXResourcesBuildPhase section */
		FBD48AEF29CEF3AB00F03900 /* Resources */ = {
			isa = PBXResourcesBuildPhase;
			buildActionMask = 2147483647;
			files = (
				FBD48B0429CEF3AD00F03900 /* LaunchScreen.storyboard in Resources */,
				FBD48B0129CEF3AD00F03900 /* Assets.xcassets in Resources */,
				FB7A170429E5E24A009C10B7 /* GoogleService-Info.plist in Resources */,
			);
			runOnlyForDeploymentPostprocessing = 0;
		};
/* End PBXResourcesBuildPhase section */

/* Begin PBXShellScriptBuildPhase section */
		092EC4A253C4DCF3FF13EF85 /* [CP] Check Pods Manifest.lock */ = {
			isa = PBXShellScriptBuildPhase;
			buildActionMask = 2147483647;
			files = (
			);
			inputFileListPaths = (
			);
			inputPaths = (
				"${PODS_PODFILE_DIR_PATH}/Podfile.lock",
				"${PODS_ROOT}/Manifest.lock",
			);
			name = "[CP] Check Pods Manifest.lock";
			outputFileListPaths = (
			);
			outputPaths = (
				"$(DERIVED_FILE_DIR)/Pods-SimpleReminder-checkManifestLockResult.txt",
			);
			runOnlyForDeploymentPostprocessing = 0;
			shellPath = /bin/sh;
			shellScript = "diff \"${PODS_PODFILE_DIR_PATH}/Podfile.lock\" \"${PODS_ROOT}/Manifest.lock\" > /dev/null\nif [ $? != 0 ] ; then\n    # print error to STDERR\n    echo \"error: The sandbox is not in sync with the Podfile.lock. Run 'pod install' or update your CocoaPods installation.\" >&2\n    exit 1\nfi\n# This output is used by Xcode 'outputs' to avoid re-running this script phase.\necho \"SUCCESS\" > \"${SCRIPT_OUTPUT_FILE_0}\"\n";
			showEnvVarsInLog = 0;
		};
		53DD2111EB35B2369A54EDF8 /* [CP] Embed Pods Frameworks */ = {
			isa = PBXShellScriptBuildPhase;
			buildActionMask = 2147483647;
			files = (
			);
			inputFileListPaths = (
				"${PODS_ROOT}/Target Support Files/Pods-SimpleReminder/Pods-SimpleReminder-frameworks-${CONFIGURATION}-input-files.xcfilelist",
			);
			name = "[CP] Embed Pods Frameworks";
			outputFileListPaths = (
				"${PODS_ROOT}/Target Support Files/Pods-SimpleReminder/Pods-SimpleReminder-frameworks-${CONFIGURATION}-output-files.xcfilelist",
			);
			runOnlyForDeploymentPostprocessing = 0;
			shellPath = /bin/sh;
			shellScript = "\"${PODS_ROOT}/Target Support Files/Pods-SimpleReminder/Pods-SimpleReminder-frameworks.sh\"\n";
			showEnvVarsInLog = 0;
		};
/* End PBXShellScriptBuildPhase section */

/* Begin PBXSourcesBuildPhase section */
		FBD48AED29CEF3AB00F03900 /* Sources */ = {
			isa = PBXSourcesBuildPhase;
			buildActionMask = 2147483647;
			files = (
				FBA5277D29E32C5D00F050CE /* BirthDayVC.swift in Sources */,
				FBD48B1729CEF3CA00F03900 /* ButtonExtension.swift in Sources */,
				FBD48B1F29CEF41700F03900 /* MainVC.swift in Sources */,
				FBD48B1529CEF3CA00F03900 /* Helper.swift in Sources */,
				FBD48B2529CF5E2000F03900 /* Remind.swift in Sources */,
				FBD48B2129CEF43C00F03900 /* MainVCView.swift in Sources */,
				FBA271C429E898DF009A0370 /* CreatePersonVCView.swift in Sources */,
				FBA5277F29E32C6E00F050CE /* BirthDayVCView.swift in Sources */,
				FB63E6DA29EC56D800795AD4 /* ReminderService.swift in Sources */,
				FBD48B1429CEF3CA00F03900 /* ViewSettings.swift in Sources */,
				FBA5278129E32E9D00F050CE /* BirthdayCell.swift in Sources */,
				FBD48AF529CEF3AB00F03900 /* AppDelegate.swift in Sources */,
				FB48A25C29EB1418002C9C0F /* BirthdayDetailVCView.swift in Sources */,
				FBD48AF729CEF3AB00F03900 /* SceneDelegate.swift in Sources */,
				FBD48B1329CEF3CA00F03900 /* TextFieldExtension.swift in Sources */,
				FB7A170B29E5E622009C10B7 /* FirestoreService.swift in Sources */,
				FBD48B1929CEF3CA00F03900 /* LabelExtension.swift in Sources */,
				FB48767E29D97FA10092E06E /* RemindDetailVC.swift in Sources */,
				FB48768029D97FC40092E06E /* RemindDetailVCView.swift in Sources */,
				FBD48B1829CEF3CA00F03900 /* ODFonts.swift in Sources */,
				FBF1E78329E474FF009B78AC /* FetchDatService.swift in Sources */,
				FBA5277B29E329D200F050CE /* MainTabBarVC.swift in Sources */,
				FB7A170D29E5ECB5009C10B7 /* Person.swift in Sources */,
				FBD48B1A29CEF3CA00F03900 /* StackViewExtension.swift in Sources */,
				FBD48B2329CF520100F03900 /* MyCell.swift in Sources */,
				FBD48B1629CEF3CA00F03900 /* ODColors.swift in Sources */,
				FBA271C229E898CA009A0370 /* CreatePersonVC.swift in Sources */,
				FBD48AFF29CEF3AB00F03900 /* SimpleReminder.xcdatamodeld in Sources */,
				FB48A25A29EB13E5002C9C0F /* BirthDayDetailVC.swift in Sources */,
			);
			runOnlyForDeploymentPostprocessing = 0;
		};
/* End PBXSourcesBuildPhase section */

/* Begin PBXVariantGroup section */
		FBD48B0229CEF3AD00F03900 /* LaunchScreen.storyboard */ = {
			isa = PBXVariantGroup;
			children = (
				FBD48B0329CEF3AD00F03900 /* Base */,
			);
			name = LaunchScreen.storyboard;
			sourceTree = "<group>";
		};
/* End PBXVariantGroup section */

/* Begin XCBuildConfiguration section */
		FBD48B0629CEF3AD00F03900 /* Debug */ = {
			isa = XCBuildConfiguration;
			buildSettings = {
				ALWAYS_SEARCH_USER_PATHS = NO;
				CLANG_ANALYZER_NONNULL = YES;
				CLANG_ANALYZER_NUMBER_OBJECT_CONVERSION = YES_AGGRESSIVE;
				CLANG_CXX_LANGUAGE_STANDARD = "gnu++20";
				CLANG_ENABLE_MODULES = YES;
				CLANG_ENABLE_OBJC_ARC = YES;
				CLANG_ENABLE_OBJC_WEAK = YES;
				CLANG_WARN_BLOCK_CAPTURE_AUTORELEASING = YES;
				CLANG_WARN_BOOL_CONVERSION = YES;
				CLANG_WARN_COMMA = YES;
				CLANG_WARN_CONSTANT_CONVERSION = YES;
				CLANG_WARN_DEPRECATED_OBJC_IMPLEMENTATIONS = YES;
				CLANG_WARN_DIRECT_OBJC_ISA_USAGE = YES_ERROR;
				CLANG_WARN_DOCUMENTATION_COMMENTS = YES;
				CLANG_WARN_EMPTY_BODY = YES;
				CLANG_WARN_ENUM_CONVERSION = YES;
				CLANG_WARN_INFINITE_RECURSION = YES;
				CLANG_WARN_INT_CONVERSION = YES;
				CLANG_WARN_NON_LITERAL_NULL_CONVERSION = YES;
				CLANG_WARN_OBJC_IMPLICIT_RETAIN_SELF = YES;
				CLANG_WARN_OBJC_LITERAL_CONVERSION = YES;
				CLANG_WARN_OBJC_ROOT_CLASS = YES_ERROR;
				CLANG_WARN_QUOTED_INCLUDE_IN_FRAMEWORK_HEADER = YES;
				CLANG_WARN_RANGE_LOOP_ANALYSIS = YES;
				CLANG_WARN_STRICT_PROTOTYPES = YES;
				CLANG_WARN_SUSPICIOUS_MOVE = YES;
				CLANG_WARN_UNGUARDED_AVAILABILITY = YES_AGGRESSIVE;
				CLANG_WARN_UNREACHABLE_CODE = YES;
				CLANG_WARN__DUPLICATE_METHOD_MATCH = YES;
				COPY_PHASE_STRIP = NO;
				DEBUG_INFORMATION_FORMAT = dwarf;
				ENABLE_STRICT_OBJC_MSGSEND = YES;
				ENABLE_TESTABILITY = YES;
				GCC_C_LANGUAGE_STANDARD = gnu11;
				GCC_DYNAMIC_NO_PIC = NO;
				GCC_NO_COMMON_BLOCKS = YES;
				GCC_OPTIMIZATION_LEVEL = 0;
				GCC_PREPROCESSOR_DEFINITIONS = (
					"DEBUG=1",
					"$(inherited)",
				);
				GCC_WARN_64_TO_32_BIT_CONVERSION = YES;
				GCC_WARN_ABOUT_RETURN_TYPE = YES_ERROR;
				GCC_WARN_UNDECLARED_SELECTOR = YES;
				GCC_WARN_UNINITIALIZED_AUTOS = YES_AGGRESSIVE;
				GCC_WARN_UNUSED_FUNCTION = YES;
				GCC_WARN_UNUSED_VARIABLE = YES;
				IPHONEOS_DEPLOYMENT_TARGET = 16.2;
				MTL_ENABLE_DEBUG_INFO = INCLUDE_SOURCE;
				MTL_FAST_MATH = YES;
				ONLY_ACTIVE_ARCH = YES;
				SDKROOT = iphoneos;
				SWIFT_ACTIVE_COMPILATION_CONDITIONS = DEBUG;
				SWIFT_OPTIMIZATION_LEVEL = "-Onone";
			};
			name = Debug;
		};
		FBD48B0729CEF3AD00F03900 /* Release */ = {
			isa = XCBuildConfiguration;
			buildSettings = {
				ALWAYS_SEARCH_USER_PATHS = NO;
				CLANG_ANALYZER_NONNULL = YES;
				CLANG_ANALYZER_NUMBER_OBJECT_CONVERSION = YES_AGGRESSIVE;
				CLANG_CXX_LANGUAGE_STANDARD = "gnu++20";
				CLANG_ENABLE_MODULES = YES;
				CLANG_ENABLE_OBJC_ARC = YES;
				CLANG_ENABLE_OBJC_WEAK = YES;
				CLANG_WARN_BLOCK_CAPTURE_AUTORELEASING = YES;
				CLANG_WARN_BOOL_CONVERSION = YES;
				CLANG_WARN_COMMA = YES;
				CLANG_WARN_CONSTANT_CONVERSION = YES;
				CLANG_WARN_DEPRECATED_OBJC_IMPLEMENTATIONS = YES;
				CLANG_WARN_DIRECT_OBJC_ISA_USAGE = YES_ERROR;
				CLANG_WARN_DOCUMENTATION_COMMENTS = YES;
				CLANG_WARN_EMPTY_BODY = YES;
				CLANG_WARN_ENUM_CONVERSION = YES;
				CLANG_WARN_INFINITE_RECURSION = YES;
				CLANG_WARN_INT_CONVERSION = YES;
				CLANG_WARN_NON_LITERAL_NULL_CONVERSION = YES;
				CLANG_WARN_OBJC_IMPLICIT_RETAIN_SELF = YES;
				CLANG_WARN_OBJC_LITERAL_CONVERSION = YES;
				CLANG_WARN_OBJC_ROOT_CLASS = YES_ERROR;
				CLANG_WARN_QUOTED_INCLUDE_IN_FRAMEWORK_HEADER = YES;
				CLANG_WARN_RANGE_LOOP_ANALYSIS = YES;
				CLANG_WARN_STRICT_PROTOTYPES = YES;
				CLANG_WARN_SUSPICIOUS_MOVE = YES;
				CLANG_WARN_UNGUARDED_AVAILABILITY = YES_AGGRESSIVE;
				CLANG_WARN_UNREACHABLE_CODE = YES;
				CLANG_WARN__DUPLICATE_METHOD_MATCH = YES;
				COPY_PHASE_STRIP = NO;
				DEBUG_INFORMATION_FORMAT = "dwarf-with-dsym";
				ENABLE_NS_ASSERTIONS = NO;
				ENABLE_STRICT_OBJC_MSGSEND = YES;
				GCC_C_LANGUAGE_STANDARD = gnu11;
				GCC_NO_COMMON_BLOCKS = YES;
				GCC_WARN_64_TO_32_BIT_CONVERSION = YES;
				GCC_WARN_ABOUT_RETURN_TYPE = YES_ERROR;
				GCC_WARN_UNDECLARED_SELECTOR = YES;
				GCC_WARN_UNINITIALIZED_AUTOS = YES_AGGRESSIVE;
				GCC_WARN_UNUSED_FUNCTION = YES;
				GCC_WARN_UNUSED_VARIABLE = YES;
				IPHONEOS_DEPLOYMENT_TARGET = 16.2;
				MTL_ENABLE_DEBUG_INFO = NO;
				MTL_FAST_MATH = YES;
				SDKROOT = iphoneos;
				SWIFT_COMPILATION_MODE = wholemodule;
				SWIFT_OPTIMIZATION_LEVEL = "-O";
				VALIDATE_PRODUCT = YES;
			};
			name = Release;
		};
		FBD48B0929CEF3AD00F03900 /* Debug */ = {
			isa = XCBuildConfiguration;
			baseConfigurationReference = C3F7B722A4287F594BB55665 /* Pods-SimpleReminder.debug.xcconfig */;
			buildSettings = {
				ASSETCATALOG_COMPILER_APPICON_NAME = AppIcon;
				ASSETCATALOG_COMPILER_GLOBAL_ACCENT_COLOR_NAME = AccentColor;
				CODE_SIGN_STYLE = Automatic;
				CURRENT_PROJECT_VERSION = 1;
				DEVELOPMENT_TEAM = 5JSNU535FQ;
				GENERATE_INFOPLIST_FILE = YES;
				INFOPLIST_FILE = SimpleReminder/Info.plist;
				INFOPLIST_KEY_UIApplicationSupportsIndirectInputEvents = YES;
				INFOPLIST_KEY_UILaunchStoryboardName = LaunchScreen;
				INFOPLIST_KEY_UISupportedInterfaceOrientations_iPad = "UIInterfaceOrientationPortrait UIInterfaceOrientationPortraitUpsideDown UIInterfaceOrientationLandscapeLeft UIInterfaceOrientationLandscapeRight";
				INFOPLIST_KEY_UISupportedInterfaceOrientations_iPhone = "UIInterfaceOrientationPortrait UIInterfaceOrientationLandscapeLeft UIInterfaceOrientationLandscapeRight";
				LD_RUNPATH_SEARCH_PATHS = (
					"$(inherited)",
					"@executable_path/Frameworks",
				);
				MARKETING_VERSION = 1.0;
				PRODUCT_BUNDLE_IDENTIFIER = Ottos.SimpleReminder;
				PRODUCT_NAME = "$(TARGET_NAME)";
				SWIFT_EMIT_LOC_STRINGS = YES;
				SWIFT_VERSION = 5.0;
				TARGETED_DEVICE_FAMILY = "1,2";
			};
			name = Debug;
		};
		FBD48B0A29CEF3AD00F03900 /* Release */ = {
			isa = XCBuildConfiguration;
			baseConfigurationReference = D05A3BCF08CD0F9B0FC30A4F /* Pods-SimpleReminder.release.xcconfig */;
			buildSettings = {
				ASSETCATALOG_COMPILER_APPICON_NAME = AppIcon;
				ASSETCATALOG_COMPILER_GLOBAL_ACCENT_COLOR_NAME = AccentColor;
				CODE_SIGN_STYLE = Automatic;
				CURRENT_PROJECT_VERSION = 1;
				DEVELOPMENT_TEAM = 5JSNU535FQ;
				GENERATE_INFOPLIST_FILE = YES;
				INFOPLIST_FILE = SimpleReminder/Info.plist;
				INFOPLIST_KEY_UIApplicationSupportsIndirectInputEvents = YES;
				INFOPLIST_KEY_UILaunchStoryboardName = LaunchScreen;
				INFOPLIST_KEY_UISupportedInterfaceOrientations_iPad = "UIInterfaceOrientationPortrait UIInterfaceOrientationPortraitUpsideDown UIInterfaceOrientationLandscapeLeft UIInterfaceOrientationLandscapeRight";
				INFOPLIST_KEY_UISupportedInterfaceOrientations_iPhone = "UIInterfaceOrientationPortrait UIInterfaceOrientationLandscapeLeft UIInterfaceOrientationLandscapeRight";
				LD_RUNPATH_SEARCH_PATHS = (
					"$(inherited)",
					"@executable_path/Frameworks",
				);
				MARKETING_VERSION = 1.0;
				PRODUCT_BUNDLE_IDENTIFIER = Ottos.SimpleReminder;
				PRODUCT_NAME = "$(TARGET_NAME)";
				SWIFT_EMIT_LOC_STRINGS = YES;
				SWIFT_VERSION = 5.0;
				TARGETED_DEVICE_FAMILY = "1,2";
			};
			name = Release;
		};
/* End XCBuildConfiguration section */

/* Begin XCConfigurationList section */
		FBD48AEC29CEF3AB00F03900 /* Build configuration list for PBXProject "SimpleReminder" */ = {
			isa = XCConfigurationList;
			buildConfigurations = (
				FBD48B0629CEF3AD00F03900 /* Debug */,
				FBD48B0729CEF3AD00F03900 /* Release */,
			);
			defaultConfigurationIsVisible = 0;
			defaultConfigurationName = Release;
		};
		FBD48B0829CEF3AD00F03900 /* Build configuration list for PBXNativeTarget "SimpleReminder" */ = {
			isa = XCConfigurationList;
			buildConfigurations = (
				FBD48B0929CEF3AD00F03900 /* Debug */,
				FBD48B0A29CEF3AD00F03900 /* Release */,
			);
			defaultConfigurationIsVisible = 0;
			defaultConfigurationName = Release;
		};
/* End XCConfigurationList section */

/* Begin XCRemoteSwiftPackageReference section */
		FB7A170529E5E3B4009C10B7 /* XCRemoteSwiftPackageReference "firebase-ios-sdk" */ = {
			isa = XCRemoteSwiftPackageReference;
			repositoryURL = "https://github.com/firebase/firebase-ios-sdk";
			requirement = {
				kind = exactVersion;
				version = 10.8.0;
			};
		};
/* End XCRemoteSwiftPackageReference section */

/* Begin XCSwiftPackageProductDependency section */
		FB7A170629E5E3B4009C10B7 /* FirebaseFirestore */ = {
			isa = XCSwiftPackageProductDependency;
			package = FB7A170529E5E3B4009C10B7 /* XCRemoteSwiftPackageReference "firebase-ios-sdk" */;
			productName = FirebaseFirestore;
		};
		FB7A170829E5E3B4009C10B7 /* FirebaseStorage */ = {
			isa = XCSwiftPackageProductDependency;
			package = FB7A170529E5E3B4009C10B7 /* XCRemoteSwiftPackageReference "firebase-ios-sdk" */;
			productName = FirebaseStorage;
		};
/* End XCSwiftPackageProductDependency section */

/* Begin XCVersionGroup section */
		FBD48AFD29CEF3AB00F03900 /* SimpleReminder.xcdatamodeld */ = {
			isa = XCVersionGroup;
			children = (
				FBD48AFE29CEF3AB00F03900 /* SimpleReminder.xcdatamodel */,
			);
			currentVersion = FBD48AFE29CEF3AB00F03900 /* SimpleReminder.xcdatamodel */;
			path = SimpleReminder.xcdatamodeld;
			sourceTree = "<group>";
			versionGroupType = wrapper.xcdatamodel;
		};
/* End XCVersionGroup section */
	};
	rootObject = FBD48AE929CEF3AB00F03900 /* Project object */;
}
